
Microsoft Visual Studio Solution File, Format Version 12.00
# Visual Studio Version 17
VisualStudioVersion = 17.1.32328.378
MinimumVisualStudioVersion = 10.0.40219.1
Project("{9A19103F-16F7-4668-BE54-9A1E7A4F7556}") = "Server", "Server\Server.csproj", "{38F5BB6B-8F5F-43DB-AC29-C0203980C76A}"
EndProject
Project("{9A19103F-16F7-4668-BE54-9A1E7A4F7556}") = "Shared", "Shared\Shared.csproj", "{47C7DAE5-80EA-4097-A3EE-784E540BF371}"
EndProject
Project("{9A19103F-16F7-4668-BE54-9A1E7A4F7556}") = "Client", "Client\Client.csproj", "{22F8F3B8-381B-4DC2-9FFB-DE4D6AC9777B}"
EndProject
Project("{2150E333-8FDC-42A3-9474-1A3956D46DE8}") = "DBScripts", "DBScripts", "{D244B31F-29A6-41E8-B328-3E5AA9B6763E}"
	ProjectSection(SolutionItems) = preProject
		PIPSDBScript.sql = PIPSDBScript.sql
	EndProjectSection
EndProject
Global
	GlobalSection(SolutionConfigurationPlatforms) = preSolution
		Debug|Any CPU = Debug|Any CPU
		Release|Any CPU = Release|Any CPU
	EndGlobalSection
	GlobalSection(ProjectConfigurationPlatforms) = postSolution
		{38F5BB6B-8F5F-43DB-AC29-C0203980C76A}.Debug|Any CPU.ActiveCfg = Debug|Any CPU
		{38F5BB6B-8F5F-43DB-AC29-C0203980C76A}.Debug|Any CPU.Build.0 = Debug|Any CPU
		{38F5BB6B-8F5F-43DB-AC29-C0203980C76A}.Release|Any CPU.ActiveCfg = Release|Any CPU
		{38F5BB6B-8F5F-43DB-AC29-C0203980C76A}.Release|Any CPU.Build.0 = Release|Any CPU
		{47C7DAE5-80EA-4097-A3EE-784E540BF371}.Debug|Any CPU.ActiveCfg = Debug|Any CPU
		{47C7DAE5-80EA-4097-A3EE-784E540BF371}.Debug|Any CPU.Build.0 = Debug|Any CPU
		{47C7DAE5-80EA-4097-A3EE-784E540BF371}.Release|Any CPU.ActiveCfg = Release|Any CPU
		{47C7DAE5-80EA-4097-A3EE-784E540BF371}.Release|Any CPU.Build.0 = Release|Any CPU
		{22F8F3B8-381B-4DC2-9FFB-DE4D6AC9777B}.Debug|Any CPU.ActiveCfg = Debug|Any CPU
		{22F8F3B8-381B-4DC2-9FFB-DE4D6AC9777B}.Debug|Any CPU.Build.0 = Debug|Any CPU
		{22F8F3B8-381B-4DC2-9FFB-DE4D6AC9777B}.Release|Any CPU.ActiveCfg = Release|Any CPU
		{22F8F3B8-381B-4DC2-9FFB-DE4D6AC9777B}.Release|Any CPU.Build.0 = Release|Any CPU
	EndGlobalSection
	GlobalSection(SolutionProperties) = preSolution
		HideSolutionNode = FALSE
	EndGlobalSection
	GlobalSection(ExtensibilityGlobals) = postSolution
		SolutionGuid = {5858696F-F4C1-41D0-8BD5-09B48CA87D1C}
	EndGlobalSection
EndGlobal
